
Microsoft Visual Studio Solution File, Format Version 12.00
# Visual Studio Version 17
VisualStudioVersion = 17.10.35013.160
MinimumVisualStudioVersion = 10.0.40219.1
Project("{FAE04EC0-301F-11D3-BF4B-00C04F79EFBC}") = "Web", "Web\Web.csproj", "{0052DB71-79C6-4339-A908-BC3E481AC7BA}"
EndProject
Project("{FAE04EC0-301F-11D3-BF4B-00C04F79EFBC}") = "Core.Database", "Core.Database\Core.Database.csproj", "{6072CE3B-4AA6-4B57-A762-6234496A4CC3}"
EndProject
Global
	GlobalSection(SolutionConfigurationPlatforms) = preSolution
		Debug|Any CPU = Debug|Any CPU
		Release|Any CPU = Release|Any CPU
	EndGlobalSection
	GlobalSection(ProjectConfigurationPlatforms) = postSolution
		{0052DB71-79C6-4339-A908-BC3E481AC7BA}.Debug|Any CPU.ActiveCfg = Debug|Any CPU
		{0052DB71-79C6-4339-A908-BC3E481AC7BA}.Debug|Any CPU.Build.0 = Debug|Any CPU
		{0052DB71-79C6-4339-A908-BC3E481AC7BA}.Release|Any CPU.ActiveCfg = Release|Any CPU
		{0052DB71-79C6-4339-A908-BC3E481AC7BA}.Release|Any CPU.Build.0 = Release|Any CPU
		{6072CE3B-4AA6-4B57-A762-6234496A4CC3}.Debug|Any CPU.ActiveCfg = Debug|Any CPU
		{6072CE3B-4AA6-4B57-A762-6234496A4CC3}.Debug|Any CPU.Build.0 = Debug|Any CPU
		{6072CE3B-4AA6-4B57-A762-6234496A4CC3}.Release|Any CPU.ActiveCfg = Release|Any CPU
		{6072CE3B-4AA6-4B57-A762-6234496A4CC3}.Release|Any CPU.Build.0 = Release|Any CPU
	EndGlobalSection
	GlobalSection(SolutionProperties) = preSolution
		HideSolutionNode = FALSE
	EndGlobalSection
	GlobalSection(ExtensibilityGlobals) = postSolution
		SolutionGuid = {DAC30156-F191-4F60-81AB-C837D44037C6}
	EndGlobalSection
EndGlobal
